
Microsoft Visual Studio Solution File, Format Version 12.00
# Visual Studio Version 17
VisualStudioVersion = 17.11.35327.3
MinimumVisualStudioVersion = 10.0.40219.1
Project("{FAE04EC0-301F-11D3-BF4B-00C04F79EFBC}") = "edaContest", "edaContest.csproj", "{32A171A1-765D-417E-B5AC-3C697940AD21}"
EndProject
Global
	GlobalSection(SolutionConfigurationPlatforms) = preSolution
		Debug|Any CPU = Debug|Any CPU
		Release|Any CPU = Release|Any CPU
	EndGlobalSection
	GlobalSection(ProjectConfigurationPlatforms) = postSolution
		{32A171A1-765D-417E-B5AC-3C697940AD21}.Debug|Any CPU.ActiveCfg = Debug|Any CPU
		{32A171A1-765D-417E-B5AC-3C697940AD21}.Debug|Any CPU.Build.0 = Debug|Any CPU
		{32A171A1-765D-417E-B5AC-3C697940AD21}.Release|Any CPU.ActiveCfg = Release|Any CPU
		{32A171A1-765D-417E-B5AC-3C697940AD21}.Release|Any CPU.Build.0 = Release|Any CPU
	EndGlobalSection
	GlobalSection(SolutionProperties) = preSolution
		HideSolutionNode = FALSE
	EndGlobalSection
	GlobalSection(ExtensibilityGlobals) = postSolution
		SolutionGuid = {7E97FB68-BC28-47D5-B354-EE9E1CF68066}
	EndGlobalSection
EndGlobal
